
Microsoft Visual Studio Solution File, Format Version 12.00
# Visual Studio Version 17
VisualStudioVersion = 17.10.34928.147
MinimumVisualStudioVersion = 10.0.40219.1
Project("{FAE04EC0-301F-11D3-BF4B-00C04F79EFBC}") = "NZWalks.API", "NZWalks.API\NZWalks.API.csproj", "{A98F0B8E-593A-47A4-AF59-D7DD988B944B}"
EndProject
Global
	GlobalSection(SolutionConfigurationPlatforms) = preSolution
		Debug|Any CPU = Debug|Any CPU
		Release|Any CPU = Release|Any CPU
	EndGlobalSection
	GlobalSection(ProjectConfigurationPlatforms) = postSolution
		{A98F0B8E-593A-47A4-AF59-D7DD988B944B}.Debug|Any CPU.ActiveCfg = Debug|Any CPU
		{A98F0B8E-593A-47A4-AF59-D7DD988B944B}.Debug|Any CPU.Build.0 = Debug|Any CPU
		{A98F0B8E-593A-47A4-AF59-D7DD988B944B}.Release|Any CPU.ActiveCfg = Release|Any CPU
		{A98F0B8E-593A-47A4-AF59-D7DD988B944B}.Release|Any CPU.Build.0 = Release|Any CPU
	EndGlobalSection
	GlobalSection(SolutionProperties) = preSolution
		HideSolutionNode = FALSE
	EndGlobalSection
	GlobalSection(ExtensibilityGlobals) = postSolution
		SolutionGuid = {690989E6-D3E6-4361-BE2B-134B065F199A}
	EndGlobalSection
EndGlobal
